# This file is automatically @generated by Cargo.
# It is not intended for manual editing.
version = 4

[[package]]
name = "ap-ahrs"
version = "0.1.0"
dependencies = [
 "ap-ins",
 "ap-math",
 "ap-replay",
 "ap-sim",
]

[[package]]
name = "ap-airspeed"
version = "0.1.0"
dependencies = [
 "ap-hal",
 "ap-math",
]

[[package]]
name = "ap-arming"
version = "0.1.0"

[[package]]
name = "ap-autotune"
version = "0.1.0"
dependencies = [
 "ap-filter",
]

[[package]]
name = "ap-avoidance"
version = "0.1.0"
dependencies = [
 "ap-fence",
 "ap-math",
]

[[package]]
name = "ap-baro"
version = "0.1.0"
dependencies = [
 "ap-filter",
 "ap-math",
]

[[package]]
name = "ap-common"
version = "0.1.0"

[[package]]
name = "ap-compass"
version = "0.1.0"
dependencies = [
 "ap-declination",
 "ap-math",
]

[[package]]
name = "ap-control"
version = "0.1.0"
dependencies = [
 "ap-control",
 "ap-math",
 "ap-param",
 "ap-pid",
 "ap-replay",
 "libm",
]

[[package]]
name = "ap-copter"
version = "0.1.0"
dependencies = [
 "ap-control",
 "ap-hal",
 "ap-math",
 "ap-motors",
 "ap-param",
 "ap-precland",
 "ap-rc",
 "ap-scheduler",
 "ap-wpnav",
 "libm",
]

[[package]]
name = "ap-declination"
version = "0.1.0"
dependencies = [
 "ap-math",
]

[[package]]
name = "ap-ekf3"
version = "0.1.0"
dependencies = [
 "ap-math",
]

[[package]]
name = "ap-fence"
version = "0.1.0"
dependencies = [
 "ap-math",
]

[[package]]
name = "ap-filter"
version = "0.1.0"
dependencies = [
 "ap-math",
 "libm",
]

[[package]]
name = "ap-gcs"
version = "0.1.0"

[[package]]
name = "ap-gps"
version = "0.1.0"
dependencies = [
 "ap-common",
 "ap-math",
]

[[package]]
name = "ap-hal"
version = "0.1.0"

[[package]]
name = "ap-hal-sitl"
version = "0.1.0"
dependencies = [
 "ap-ahrs",
 "ap-control",
 "ap-hal",
 "ap-ins",
 "ap-math",
 "ap-pid",
 "ap-plane",
 "ap-scheduler",
 "ap-sim",
]

[[package]]
name = "ap-ins"
version = "0.1.0"
dependencies = [
 "ap-filter",
 "ap-math",
 "ap-sim",
 "libm",
]

[[package]]
name = "ap-landing"
version = "0.1.0"
dependencies = [
 "ap-math",
 "libm",
]

[[package]]
name = "ap-logger"
version = "0.1.0"

[[package]]
name = "ap-math"
version = "0.1.0"
dependencies = [
 "libm",
]

[[package]]
name = "ap-mission"
version = "0.1.0"
dependencies = [
 "ap-math",
]

[[package]]
name = "ap-motors"
version = "0.1.0"
dependencies = [
 "ap-baro",
 "ap-filter",
 "ap-hal",
 "ap-math",
 "ap-servo",
]

[[package]]
name = "ap-nav"
version = "0.1.0"
dependencies = [
 "ap-math",
 "ap-nav",
 "ap-replay",
]

[[package]]
name = "ap-param"
version = "0.1.0"
dependencies = [
 "ap-math",
]

[[package]]
name = "ap-pid"
version = "0.1.0"
dependencies = [
 "ap-filter",
 "ap-math",
]

[[package]]
name = "ap-plane"
version = "0.1.0"
dependencies = [
 "ap-ahrs",
 "ap-airspeed",
 "ap-arming",
 "ap-baro",
 "ap-compass",
 "ap-control",
 "ap-declination",
 "ap-fence",
 "ap-gps",
 "ap-hal",
 "ap-ins",
 "ap-landing",
 "ap-math",
 "ap-mission",
 "ap-nav",
 "ap-pid",
 "ap-quadplane",
 "ap-rc",
 "ap-replay",
 "ap-scheduler",
 "ap-servo",
 "ap-sim",
 "ap-tecs",
]

[[package]]
name = "ap-precland"
version = "0.1.0"
dependencies = [
 "ap-math",
 "libm",
]

[[package]]
name = "ap-quadplane"
version = "0.1.0"
dependencies = [
 "libm",
]

[[package]]
name = "ap-rc"
version = "0.1.0"

[[package]]
name = "ap-replay"
version = "0.1.0"

[[package]]
name = "ap-scheduler"
version = "0.1.0"
dependencies = [
 "ap-hal",
]

[[package]]
name = "ap-servo"
version = "0.1.0"
dependencies = [
 "ap-hal",
 "ap-math",
 "ap-param",
]

[[package]]
name = "ap-sim"
version = "0.1.0"

[[package]]
name = "ap-tecs"
version = "0.1.0"
dependencies = [
 "ap-filter",
 "ap-hal",
 "ap-math",
 "ap-replay",
 "ap-tecs",
 "libm",
]

[[package]]
name = "ap-vtol-assist"
version = "0.1.0"

[[package]]
name = "ap-wpnav"
version = "0.1.0"
dependencies = [
 "ap-control",
 "ap-math",
 "libm",
]

[[package]]
name = "libm"
version = "0.2.16"
source = "registry+https://github.com/rust-lang/crates.io-index"
checksum = "b6d2cec3eae94f9f509c767b45932f1ada8350c4bdb85af2fcab4a3c14807981"
